
Microsoft Visual Studio Solution File, Format Version 12.00
# Visual Studio Version 16
VisualStudioVersion = 16.0.29728.190
MinimumVisualStudioVersion = 10.0.40219.1
Project("{FAE04EC0-301F-11D3-BF4B-00C04F79EFBC}") = "TaskPlanner", "TaskPlanner\TaskPlanner.csproj", "{B7E66773-333D-4441-8435-303F2C9C9BA2}"
EndProject
Project("{2150E333-8FDC-42A3-9474-1A3956D46DE8}") = "BackgroundTasks", "BackgroundTasks", "{5A1E75FD-C79C-493A-9995-AAECDB36E810}"
EndProject
Project("{2150E333-8FDC-42A3-9474-1A3956D46DE8}") = "DataAccess", "DataAccess", "{6E7B9068-E799-42C7-BEB5-72B08EF712E2}"
EndProject
Project("{2150E333-8FDC-42A3-9474-1A3956D46DE8}") = "DataModels", "DataModels", "{CBCB06CC-535C-46BB-971E-87A17312F5F5}"
EndProject
Project("{2150E333-8FDC-42A3-9474-1A3956D46DE8}") = "SystemIntegration", "SystemIntegration", "{115CF5C4-ED8D-4308-8DB1-8EF4D43F53DD}"
EndProject
Project("{FAE04EC0-301F-11D3-BF4B-00C04F79EFBC}") = "BackgroundTasks", "BackgroundTasks\BackgroundTasks.csproj", "{1F40347F-255B-4790-A625-EE2CA040EE3E}"
EndProject
Project("{FAE04EC0-301F-11D3-BF4B-00C04F79EFBC}") = "DataAccess", "DataAccess\DataAccess.csproj", "{BA644CA3-FE5C-46BC-88D7-8A35D7327D2D}"
EndProject
Project("{FAE04EC0-301F-11D3-BF4B-00C04F79EFBC}") = "DataAccess.Interfaces", "DataAccess.Interfaces\DataAccess.Interfaces.csproj", "{D3BB1B3E-BAB4-434C-B41F-AC417A53456C}"
EndProject
Project("{FAE04EC0-301F-11D3-BF4B-00C04F79EFBC}") = "DataModels", "DataModels\DataModels.csproj", "{C1DC312E-6455-4237-B92E-62AA97F2FBC5}"
EndProject
Project("{FAE04EC0-301F-11D3-BF4B-00C04F79EFBC}") = "SystemIntegration", "SystemIntegration\SystemIntegration.csproj", "{2AE2F780-C707-4729-9E93-9DF011CFD731}"
EndProject
Global
	GlobalSection(SolutionConfigurationPlatforms) = preSolution
		Debug|Any CPU = Debug|Any CPU
		Debug|ARM = Debug|ARM
		Debug|ARM64 = Debug|ARM64
		Debug|x64 = Debug|x64
		Debug|x86 = Debug|x86
		Release|Any CPU = Release|Any CPU
		Release|ARM = Release|ARM
		Release|ARM64 = Release|ARM64
		Release|x64 = Release|x64
		Release|x86 = Release|x86
	EndGlobalSection
	GlobalSection(ProjectConfigurationPlatforms) = postSolution
		{B7E66773-333D-4441-8435-303F2C9C9BA2}.Debug|Any CPU.ActiveCfg = Debug|x86
		{B7E66773-333D-4441-8435-303F2C9C9BA2}.Debug|ARM.ActiveCfg = Debug|ARM
		{B7E66773-333D-4441-8435-303F2C9C9BA2}.Debug|ARM.Build.0 = Debug|ARM
		{B7E66773-333D-4441-8435-303F2C9C9BA2}.Debug|ARM.Deploy.0 = Debug|ARM
		{B7E66773-333D-4441-8435-303F2C9C9BA2}.Debug|ARM64.ActiveCfg = Debug|x86
		{B7E66773-333D-4441-8435-303F2C9C9BA2}.Debug|x64.ActiveCfg = Debug|x64
		{B7E66773-333D-4441-8435-303F2C9C9BA2}.Debug|x64.Build.0 = Debug|x64
		{B7E66773-333D-4441-8435-303F2C9C9BA2}.Debug|x64.Deploy.0 = Debug|x64
		{B7E66773-333D-4441-8435-303F2C9C9BA2}.Debug|x86.ActiveCfg = Debug|x86
		{B7E66773-333D-4441-8435-303F2C9C9BA2}.Debug|x86.Build.0 = Debug|x86
		{B7E66773-333D-4441-8435-303F2C9C9BA2}.Debug|x86.Deploy.0 = Debug|x86
		{B7E66773-333D-4441-8435-303F2C9C9BA2}.Release|Any CPU.ActiveCfg = Release|x86
		{B7E66773-333D-4441-8435-303F2C9C9BA2}.Release|ARM.ActiveCfg = Release|ARM
		{B7E66773-333D-4441-8435-303F2C9C9BA2}.Release|ARM.Build.0 = Release|ARM
		{B7E66773-333D-4441-8435-303F2C9C9BA2}.Release|ARM.Deploy.0 = Release|ARM
		{B7E66773-333D-4441-8435-303F2C9C9BA2}.Release|ARM64.ActiveCfg = Release|x86
		{B7E66773-333D-4441-8435-303F2C9C9BA2}.Release|x64.ActiveCfg = Release|x64
		{B7E66773-333D-4441-8435-303F2C9C9BA2}.Release|x64.Build.0 = Release|x64
		{B7E66773-333D-4441-8435-303F2C9C9BA2}.Release|x64.Deploy.0 = Release|x64
		{B7E66773-333D-4441-8435-303F2C9C9BA2}.Release|x86.ActiveCfg = Release|x86
		{B7E66773-333D-4441-8435-303F2C9C9BA2}.Release|x86.Build.0 = Release|x86
		{B7E66773-333D-4441-8435-303F2C9C9BA2}.Release|x86.Deploy.0 = Release|x86
		{1F40347F-255B-4790-A625-EE2CA040EE3E}.Debug|Any CPU.ActiveCfg = Debug|Any CPU
		{1F40347F-255B-4790-A625-EE2CA040EE3E}.Debug|Any CPU.Build.0 = Debug|Any CPU
		{1F40347F-255B-4790-A625-EE2CA040EE3E}.Debug|ARM.ActiveCfg = Debug|ARM
		{1F40347F-255B-4790-A625-EE2CA040EE3E}.Debug|ARM.Build.0 = Debug|ARM
		{1F40347F-255B-4790-A625-EE2CA040EE3E}.Debug|ARM64.ActiveCfg = Debug|ARM64
		{1F40347F-255B-4790-A625-EE2CA040EE3E}.Debug|ARM64.Build.0 = Debug|ARM64
		{1F40347F-255B-4790-A625-EE2CA040EE3E}.Debug|x64.ActiveCfg = Debug|x64
		{1F40347F-255B-4790-A625-EE2CA040EE3E}.Debug|x64.Build.0 = Debug|x64
		{1F40347F-255B-4790-A625-EE2CA040EE3E}.Debug|x86.ActiveCfg = Debug|x86
		{1F40347F-255B-4790-A625-EE2CA040EE3E}.Debug|x86.Build.0 = Debug|x86
		{1F40347F-255B-4790-A625-EE2CA040EE3E}.Release|Any CPU.ActiveCfg = Release|Any CPU
		{1F40347F-255B-4790-A625-EE2CA040EE3E}.Release|Any CPU.Build.0 = Release|Any CPU
		{1F40347F-255B-4790-A625-EE2CA040EE3E}.Release|ARM.ActiveCfg = Release|ARM
		{1F40347F-255B-4790-A625-EE2CA040EE3E}.Release|ARM.Build.0 = Release|ARM
		{1F40347F-255B-4790-A625-EE2CA040EE3E}.Release|ARM64.ActiveCfg = Release|ARM64
		{1F40347F-255B-4790-A625-EE2CA040EE3E}.Release|ARM64.Build.0 = Release|ARM64
		{1F40347F-255B-4790-A625-EE2CA040EE3E}.Release|x64.ActiveCfg = Release|x64
		{1F40347F-255B-4790-A625-EE2CA040EE3E}.Release|x64.Build.0 = Release|x64
		{1F40347F-255B-4790-A625-EE2CA040EE3E}.Release|x86.ActiveCfg = Release|x86
		{1F40347F-255B-4790-A625-EE2CA040EE3E}.Release|x86.Build.0 = Release|x86
		{BA644CA3-FE5C-46BC-88D7-8A35D7327D2D}.Debug|Any CPU.ActiveCfg = Debug|Any CPU
		{BA644CA3-FE5C-46BC-88D7-8A35D7327D2D}.Debug|Any CPU.Build.0 = Debug|Any CPU
		{BA644CA3-FE5C-46BC-88D7-8A35D7327D2D}.Debug|ARM.ActiveCfg = Debug|ARM
		{BA644CA3-FE5C-46BC-88D7-8A35D7327D2D}.Debug|ARM.Build.0 = Debug|ARM
		{BA644CA3-FE5C-46BC-88D7-8A35D7327D2D}.Debug|ARM64.ActiveCfg = Debug|ARM64
		{BA644CA3-FE5C-46BC-88D7-8A35D7327D2D}.Debug|ARM64.Build.0 = Debug|ARM64
		{BA644CA3-FE5C-46BC-88D7-8A35D7327D2D}.Debug|x64.ActiveCfg = Debug|x64
		{BA644CA3-FE5C-46BC-88D7-8A35D7327D2D}.Debug|x64.Build.0 = Debug|x64
		{BA644CA3-FE5C-46BC-88D7-8A35D7327D2D}.Debug|x86.ActiveCfg = Debug|x86
		{BA644CA3-FE5C-46BC-88D7-8A35D7327D2D}.Debug|x86.Build.0 = Debug|x86
		{BA644CA3-FE5C-46BC-88D7-8A35D7327D2D}.Release|Any CPU.ActiveCfg = Release|Any CPU
		{BA644CA3-FE5C-46BC-88D7-8A35D7327D2D}.Release|Any CPU.Build.0 = Release|Any CPU
		{BA644CA3-FE5C-46BC-88D7-8A35D7327D2D}.Release|ARM.ActiveCfg = Release|ARM
		{BA644CA3-FE5C-46BC-88D7-8A35D7327D2D}.Release|ARM.Build.0 = Release|ARM
		{BA644CA3-FE5C-46BC-88D7-8A35D7327D2D}.Release|ARM64.ActiveCfg = Release|ARM64
		{BA644CA3-FE5C-46BC-88D7-8A35D7327D2D}.Release|ARM64.Build.0 = Release|ARM64
		{BA644CA3-FE5C-46BC-88D7-8A35D7327D2D}.Release|x64.ActiveCfg = Release|x64
		{BA644CA3-FE5C-46BC-88D7-8A35D7327D2D}.Release|x64.Build.0 = Release|x64
		{BA644CA3-FE5C-46BC-88D7-8A35D7327D2D}.Release|x86.ActiveCfg = Release|x86
		{BA644CA3-FE5C-46BC-88D7-8A35D7327D2D}.Release|x86.Build.0 = Release|x86
		{D3BB1B3E-BAB4-434C-B41F-AC417A53456C}.Debug|Any CPU.ActiveCfg = Debug|Any CPU
		{D3BB1B3E-BAB4-434C-B41F-AC417A53456C}.Debug|Any CPU.Build.0 = Debug|Any CPU
		{D3BB1B3E-BAB4-434C-B41F-AC417A53456C}.Debug|ARM.ActiveCfg = Debug|ARM
		{D3BB1B3E-BAB4-434C-B41F-AC417A53456C}.Debug|ARM.Build.0 = Debug|ARM
		{D3BB1B3E-BAB4-434C-B41F-AC417A53456C}.Debug|ARM64.ActiveCfg = Debug|ARM64
		{D3BB1B3E-BAB4-434C-B41F-AC417A53456C}.Debug|ARM64.Build.0 = Debug|ARM64
		{D3BB1B3E-BAB4-434C-B41F-AC417A53456C}.Debug|x64.ActiveCfg = Debug|x64
		{D3BB1B3E-BAB4-434C-B41F-AC417A53456C}.Debug|x64.Build.0 = Debug|x64
		{D3BB1B3E-BAB4-434C-B41F-AC417A53456C}.Debug|x86.ActiveCfg = Debug|x86
		{D3BB1B3E-BAB4-434C-B41F-AC417A53456C}.Debug|x86.Build.0 = Debug|x86
		{D3BB1B3E-BAB4-434C-B41F-AC417A53456C}.Release|Any CPU.ActiveCfg = Release|Any CPU
		{D3BB1B3E-BAB4-434C-B41F-AC417A53456C}.Release|Any CPU.Build.0 = Release|Any CPU
		{D3BB1B3E-BAB4-434C-B41F-AC417A53456C}.Release|ARM.ActiveCfg = Release|ARM
		{D3BB1B3E-BAB4-434C-B41F-AC417A53456C}.Release|ARM.Build.0 = Release|ARM
		{D3BB1B3E-BAB4-434C-B41F-AC417A53456C}.Release|ARM64.ActiveCfg = Release|ARM64
		{D3BB1B3E-BAB4-434C-B41F-AC417A53456C}.Release|ARM64.Build.0 = Release|ARM64
		{D3BB1B3E-BAB4-434C-B41F-AC417A53456C}.Release|x64.ActiveCfg = Release|x64
		{D3BB1B3E-BAB4-434C-B41F-AC417A53456C}.Release|x64.Build.0 = Release|x64
		{D3BB1B3E-BAB4-434C-B41F-AC417A53456C}.Release|x86.ActiveCfg = Release|x86
		{D3BB1B3E-BAB4-434C-B41F-AC417A53456C}.Release|x86.Build.0 = Release|x86
		{C1DC312E-6455-4237-B92E-62AA97F2FBC5}.Debug|Any CPU.ActiveCfg = Debug|Any CPU
		{C1DC312E-6455-4237-B92E-62AA97F2FBC5}.Debug|Any CPU.Build.0 = Debug|Any CPU
		{C1DC312E-6455-4237-B92E-62AA97F2FBC5}.Debug|ARM.ActiveCfg = Debug|ARM
		{C1DC312E-6455-4237-B92E-62AA97F2FBC5}.Debug|ARM.Build.0 = Debug|ARM
		{C1DC312E-6455-4237-B92E-62AA97F2FBC5}.Debug|ARM64.ActiveCfg = Debug|ARM64
		{C1DC312E-6455-4237-B92E-62AA97F2FBC5}.Debug|ARM64.Build.0 = Debug|ARM64
		{C1DC312E-6455-4237-B92E-62AA97F2FBC5}.Debug|x64.ActiveCfg = Debug|x64
		{C1DC312E-6455-4237-B92E-62AA97F2FBC5}.Debug|x64.Build.0 = Debug|x64
		{C1DC312E-6455-4237-B92E-62AA97F2FBC5}.Debug|x86.ActiveCfg = Debug|x86
		{C1DC312E-6455-4237-B92E-62AA97F2FBC5}.Debug|x86.Build.0 = Debug|x86
		{C1DC312E-6455-4237-B92E-62AA97F2FBC5}.Release|Any CPU.ActiveCfg = Release|Any CPU
		{C1DC312E-6455-4237-B92E-62AA97F2FBC5}.Release|Any CPU.Build.0 = Release|Any CPU
		{C1DC312E-6455-4237-B92E-62AA97F2FBC5}.Release|ARM.ActiveCfg = Release|ARM
		{C1DC312E-6455-4237-B92E-62AA97F2FBC5}.Release|ARM.Build.0 = Release|ARM
		{C1DC312E-6455-4237-B92E-62AA97F2FBC5}.Release|ARM64.ActiveCfg = Release|ARM64
		{C1DC312E-6455-4237-B92E-62AA97F2FBC5}.Release|ARM64.Build.0 = Release|ARM64
		{C1DC312E-6455-4237-B92E-62AA97F2FBC5}.Release|x64.ActiveCfg = Release|x64
		{C1DC312E-6455-4237-B92E-62AA97F2FBC5}.Release|x64.Build.0 = Release|x64
		{C1DC312E-6455-4237-B92E-62AA97F2FBC5}.Release|x86.ActiveCfg = Release|x86
		{C1DC312E-6455-4237-B92E-62AA97F2FBC5}.Release|x86.Build.0 = Release|x86
		{2AE2F780-C707-4729-9E93-9DF011CFD731}.Debug|Any CPU.ActiveCfg = Debug|Any CPU
		{2AE2F780-C707-4729-9E93-9DF011CFD731}.Debug|Any CPU.Build.0 = Debug|Any CPU
		{2AE2F780-C707-4729-9E93-9DF011CFD731}.Debug|ARM.ActiveCfg = Debug|ARM
		{2AE2F780-C707-4729-9E93-9DF011CFD731}.Debug|ARM.Build.0 = Debug|ARM
		{2AE2F780-C707-4729-9E93-9DF011CFD731}.Debug|ARM64.ActiveCfg = Debug|ARM64
		{2AE2F780-C707-4729-9E93-9DF011CFD731}.Debug|ARM64.Build.0 = Debug|ARM64
		{2AE2F780-C707-4729-9E93-9DF011CFD731}.Debug|x64.ActiveCfg = Debug|x64
		{2AE2F780-C707-4729-9E93-9DF011CFD731}.Debug|x64.Build.0 = Debug|x64
		{2AE2F780-C707-4729-9E93-9DF011CFD731}.Debug|x86.ActiveCfg = Debug|x86
		{2AE2F780-C707-4729-9E93-9DF011CFD731}.Debug|x86.Build.0 = Debug|x86
		{2AE2F780-C707-4729-9E93-9DF011CFD731}.Release|Any CPU.ActiveCfg = Release|Any CPU
		{2AE2F780-C707-4729-9E93-9DF011CFD731}.Release|Any CPU.Build.0 = Release|Any CPU
		{2AE2F780-C707-4729-9E93-9DF011CFD731}.Release|ARM.ActiveCfg = Release|ARM
		{2AE2F780-C707-4729-9E93-9DF011CFD731}.Release|ARM.Build.0 = Release|ARM
		{2AE2F780-C707-4729-9E93-9DF011CFD731}.Release|ARM64.ActiveCfg = Release|ARM64
		{2AE2F780-C707-4729-9E93-9DF011CFD731}.Release|ARM64.Build.0 = Release|ARM64
		{2AE2F780-C707-4729-9E93-9DF011CFD731}.Release|x64.ActiveCfg = Release|x64
		{2AE2F780-C707-4729-9E93-9DF011CFD731}.Release|x64.Build.0 = Release|x64
		{2AE2F780-C707-4729-9E93-9DF011CFD731}.Release|x86.ActiveCfg = Release|x86
		{2AE2F780-C707-4729-9E93-9DF011CFD731}.Release|x86.Build.0 = Release|x86
	EndGlobalSection
	GlobalSection(SolutionProperties) = preSolution
		HideSolutionNode = FALSE
	EndGlobalSection
	GlobalSection(NestedProjects) = preSolution
		{1F40347F-255B-4790-A625-EE2CA040EE3E} = {5A1E75FD-C79C-493A-9995-AAECDB36E810}
		{BA644CA3-FE5C-46BC-88D7-8A35D7327D2D} = {6E7B9068-E799-42C7-BEB5-72B08EF712E2}
		{D3BB1B3E-BAB4-434C-B41F-AC417A53456C} = {6E7B9068-E799-42C7-BEB5-72B08EF712E2}
		{C1DC312E-6455-4237-B92E-62AA97F2FBC5} = {CBCB06CC-535C-46BB-971E-87A17312F5F5}
		{2AE2F780-C707-4729-9E93-9DF011CFD731} = {115CF5C4-ED8D-4308-8DB1-8EF4D43F53DD}
	EndGlobalSection
	GlobalSection(ExtensibilityGlobals) = postSolution
		SolutionGuid = {9D8724AF-A2D6-40BC-A902-F2E373D9E043}
	EndGlobalSection
EndGlobal
